
Microsoft Visual Studio Solution File, Format Version 12.00
Project("{FAE04EC0-301F-11D3-BF4B-00C04F79EFBC}") = "SimpleWeb", "SimpleWeb\SimpleWeb.csproj", "{80EFF917-34A0-47F2-998E-C8EE3D839F84}"
EndProject
Project("{FAE04EC0-301F-11D3-BF4B-00C04F79EFBC}") = "SimpleWeb.Testss", "SimpleWeb.Testss\SimpleWeb.Testss.csproj", "{921F4BF6-5008-4BF3-A49D-2BD31E1AA205}"
EndProject
Project("{FAE04EC0-301F-11D3-BF4B-00C04F79EFBC}") = "SimpleWeb.TelegramBot", "SimpleWeb.TelegramBot\SimpleWeb.TelegramBot.csproj", "{4296CEB5-D9BC-4638-A9B8-3F4E5ADB150D}"
EndProject
Project("{FAE04EC0-301F-11D3-BF4B-00C04F79EFBC}") = "SignalR", "SignalR\SignalR.csproj", "{E3109865-A901-45E9-B589-571EFBE3487F}"
EndProject
Project("{2150E333-8FDC-42A3-9474-1A3956D46DE8}") = "ChatRoom", "ChatRoom", "{DF012C92-6791-4F52-B489-5836C6BAA0A7}"
EndProject
Project("{2150E333-8FDC-42A3-9474-1A3956D46DE8}") = "TelegramBot", "TelegramBot", "{8EE2B25B-0DF2-475D-9F65-1248D4D6445D}"
EndProject
Project("{2150E333-8FDC-42A3-9474-1A3956D46DE8}") = "RabbitMq", "RabbitMq", "{49933341-C3D3-428F-822A-FEE93585B5F5}"
EndProject
Project("{FAE04EC0-301F-11D3-BF4B-00C04F79EFBC}") = "MultiThreadCall", "MultiThreadCall\MultiThreadCall.csproj", "{FAAA7B01-F6DE-407E-A0E9-71174E14D1C1}"
EndProject
Project("{2150E333-8FDC-42A3-9474-1A3956D46DE8}") = "Solution Items", "Solution Items", "{3D611DA1-9FA2-4703-A5A6-490087D6E3D2}"
	ProjectSection(SolutionItems) = preProject
		docker-compose.yml = docker-compose.yml
	EndProjectSection
EndProject
Project("{2150E333-8FDC-42A3-9474-1A3956D46DE8}") = "Seq", "Seq", "{29A59667-F1B6-476D-86EF-8C8232E1B5BA}"
EndProject
Project("{FAE04EC0-301F-11D3-BF4B-00C04F79EFBC}") = "Seq", "Seq\Seq.csproj", "{1F8EB519-A3A3-40D7-8A9B-C22260F841D2}"
EndProject
Project("{2150E333-8FDC-42A3-9474-1A3956D46DE8}") = "SimpleWeb", "SimpleWeb", "{6B15BA07-22D3-4915-B578-DB56CEBF54BA}"
EndProject
Project("{2150E333-8FDC-42A3-9474-1A3956D46DE8}") = "Jaeger", "Jaeger", "{574F1EAB-5DAB-4335-9DEF-05A85D41C55B}"
EndProject
Project("{FAE04EC0-301F-11D3-BF4B-00C04F79EFBC}") = "Jeager", "Jeager\Jeager.csproj", "{3BD765EA-46F7-4600-A526-2A0B15E9B68B}"
EndProject
Project("{FAE04EC0-301F-11D3-BF4B-00C04F79EFBC}") = "MassTransitImp", "MassTransitImp\MassTransitImp.csproj", "{9DD1734F-F4E0-48C4-B0FA-FC620C0D9163}"
EndProject
Global
	GlobalSection(SolutionConfigurationPlatforms) = preSolution
		Debug|Any CPU = Debug|Any CPU
		Release|Any CPU = Release|Any CPU
	EndGlobalSection
	GlobalSection(ProjectConfigurationPlatforms) = postSolution
		{80EFF917-34A0-47F2-998E-C8EE3D839F84}.Debug|Any CPU.ActiveCfg = Debug|Any CPU
		{80EFF917-34A0-47F2-998E-C8EE3D839F84}.Debug|Any CPU.Build.0 = Debug|Any CPU
		{80EFF917-34A0-47F2-998E-C8EE3D839F84}.Release|Any CPU.ActiveCfg = Release|Any CPU
		{80EFF917-34A0-47F2-998E-C8EE3D839F84}.Release|Any CPU.Build.0 = Release|Any CPU
		{921F4BF6-5008-4BF3-A49D-2BD31E1AA205}.Debug|Any CPU.ActiveCfg = Debug|Any CPU
		{921F4BF6-5008-4BF3-A49D-2BD31E1AA205}.Debug|Any CPU.Build.0 = Debug|Any CPU
		{921F4BF6-5008-4BF3-A49D-2BD31E1AA205}.Release|Any CPU.ActiveCfg = Release|Any CPU
		{921F4BF6-5008-4BF3-A49D-2BD31E1AA205}.Release|Any CPU.Build.0 = Release|Any CPU
		{4296CEB5-D9BC-4638-A9B8-3F4E5ADB150D}.Debug|Any CPU.ActiveCfg = Debug|Any CPU
		{4296CEB5-D9BC-4638-A9B8-3F4E5ADB150D}.Debug|Any CPU.Build.0 = Debug|Any CPU
		{4296CEB5-D9BC-4638-A9B8-3F4E5ADB150D}.Release|Any CPU.ActiveCfg = Release|Any CPU
		{4296CEB5-D9BC-4638-A9B8-3F4E5ADB150D}.Release|Any CPU.Build.0 = Release|Any CPU
		{E3109865-A901-45E9-B589-571EFBE3487F}.Debug|Any CPU.ActiveCfg = Debug|Any CPU
		{E3109865-A901-45E9-B589-571EFBE3487F}.Debug|Any CPU.Build.0 = Debug|Any CPU
		{E3109865-A901-45E9-B589-571EFBE3487F}.Release|Any CPU.ActiveCfg = Release|Any CPU
		{E3109865-A901-45E9-B589-571EFBE3487F}.Release|Any CPU.Build.0 = Release|Any CPU
		{FAAA7B01-F6DE-407E-A0E9-71174E14D1C1}.Debug|Any CPU.ActiveCfg = Debug|Any CPU
		{FAAA7B01-F6DE-407E-A0E9-71174E14D1C1}.Debug|Any CPU.Build.0 = Debug|Any CPU
		{FAAA7B01-F6DE-407E-A0E9-71174E14D1C1}.Release|Any CPU.ActiveCfg = Release|Any CPU
		{FAAA7B01-F6DE-407E-A0E9-71174E14D1C1}.Release|Any CPU.Build.0 = Release|Any CPU
		{1F8EB519-A3A3-40D7-8A9B-C22260F841D2}.Debug|Any CPU.ActiveCfg = Debug|Any CPU
		{1F8EB519-A3A3-40D7-8A9B-C22260F841D2}.Debug|Any CPU.Build.0 = Debug|Any CPU
		{1F8EB519-A3A3-40D7-8A9B-C22260F841D2}.Release|Any CPU.ActiveCfg = Release|Any CPU
		{1F8EB519-A3A3-40D7-8A9B-C22260F841D2}.Release|Any CPU.Build.0 = Release|Any CPU
		{3BD765EA-46F7-4600-A526-2A0B15E9B68B}.Debug|Any CPU.ActiveCfg = Debug|Any CPU
		{3BD765EA-46F7-4600-A526-2A0B15E9B68B}.Debug|Any CPU.Build.0 = Debug|Any CPU
		{3BD765EA-46F7-4600-A526-2A0B15E9B68B}.Release|Any CPU.ActiveCfg = Release|Any CPU
		{3BD765EA-46F7-4600-A526-2A0B15E9B68B}.Release|Any CPU.Build.0 = Release|Any CPU
		{9DD1734F-F4E0-48C4-B0FA-FC620C0D9163}.Debug|Any CPU.ActiveCfg = Debug|Any CPU
		{9DD1734F-F4E0-48C4-B0FA-FC620C0D9163}.Debug|Any CPU.Build.0 = Debug|Any CPU
		{9DD1734F-F4E0-48C4-B0FA-FC620C0D9163}.Release|Any CPU.ActiveCfg = Release|Any CPU
		{9DD1734F-F4E0-48C4-B0FA-FC620C0D9163}.Release|Any CPU.Build.0 = Release|Any CPU
	EndGlobalSection
	GlobalSection(NestedProjects) = preSolution
		{E3109865-A901-45E9-B589-571EFBE3487F} = {DF012C92-6791-4F52-B489-5836C6BAA0A7}
		{4296CEB5-D9BC-4638-A9B8-3F4E5ADB150D} = {8EE2B25B-0DF2-475D-9F65-1248D4D6445D}
		{FAAA7B01-F6DE-407E-A0E9-71174E14D1C1} = {49933341-C3D3-428F-822A-FEE93585B5F5}
		{1F8EB519-A3A3-40D7-8A9B-C22260F841D2} = {29A59667-F1B6-476D-86EF-8C8232E1B5BA}
		{80EFF917-34A0-47F2-998E-C8EE3D839F84} = {6B15BA07-22D3-4915-B578-DB56CEBF54BA}
		{921F4BF6-5008-4BF3-A49D-2BD31E1AA205} = {6B15BA07-22D3-4915-B578-DB56CEBF54BA}
		{3BD765EA-46F7-4600-A526-2A0B15E9B68B} = {574F1EAB-5DAB-4335-9DEF-05A85D41C55B}
		{9DD1734F-F4E0-48C4-B0FA-FC620C0D9163} = {574F1EAB-5DAB-4335-9DEF-05A85D41C55B}
	EndGlobalSection
EndGlobal
